
Microsoft Visual Studio Solution File, Format Version 12.00
# Visual Studio Version 17
VisualStudioVersion = 17.1.32414.318
MinimumVisualStudioVersion = 10.0.40219.1
Project("{FAE04EC0-301F-11D3-BF4B-00C04F79EFBC}") = "Command", "Command\Command.csproj", "{D47CE6CC-65CB-4716-B567-C4CFC7ACEF82}"
EndProject
Global
	GlobalSection(SolutionConfigurationPlatforms) = preSolution
		Debug|Any CPU = Debug|Any CPU
		Release|Any CPU = Release|Any CPU
	EndGlobalSection
	GlobalSection(ProjectConfigurationPlatforms) = postSolution
		{D47CE6CC-65CB-4716-B567-C4CFC7ACEF82}.Debug|Any CPU.ActiveCfg = Debug|Any CPU
		{D47CE6CC-65CB-4716-B567-C4CFC7ACEF82}.Debug|Any CPU.Build.0 = Debug|Any CPU
		{D47CE6CC-65CB-4716-B567-C4CFC7ACEF82}.Release|Any CPU.ActiveCfg = Release|Any CPU
		{D47CE6CC-65CB-4716-B567-C4CFC7ACEF82}.Release|Any CPU.Build.0 = Release|Any CPU
	EndGlobalSection
	GlobalSection(SolutionProperties) = preSolution
		HideSolutionNode = FALSE
	EndGlobalSection
	GlobalSection(ExtensibilityGlobals) = postSolution
		SolutionGuid = {12BA0A60-650B-4EEA-AE8E-F25DD8BB42BF}
	EndGlobalSection
EndGlobal
