
Microsoft Visual Studio Solution File, Format Version 12.00
# Visual Studio Version 17
VisualStudioVersion = 17.1.32414.318
MinimumVisualStudioVersion = 10.0.40219.1
Project("{FAE04EC0-301F-11D3-BF4B-00C04F79EFBC}") = "Singleton", "Singleton\Singleton.csproj", "{DB0076CE-E5FA-4236-9696-D80D696C9D39}"
EndProject
Global
	GlobalSection(SolutionConfigurationPlatforms) = preSolution
		Debug|Any CPU = Debug|Any CPU
		Release|Any CPU = Release|Any CPU
	EndGlobalSection
	GlobalSection(ProjectConfigurationPlatforms) = postSolution
		{DB0076CE-E5FA-4236-9696-D80D696C9D39}.Debug|Any CPU.ActiveCfg = Debug|Any CPU
		{DB0076CE-E5FA-4236-9696-D80D696C9D39}.Debug|Any CPU.Build.0 = Debug|Any CPU
		{DB0076CE-E5FA-4236-9696-D80D696C9D39}.Release|Any CPU.ActiveCfg = Release|Any CPU
		{DB0076CE-E5FA-4236-9696-D80D696C9D39}.Release|Any CPU.Build.0 = Release|Any CPU
	EndGlobalSection
	GlobalSection(SolutionProperties) = preSolution
		HideSolutionNode = FALSE
	EndGlobalSection
	GlobalSection(ExtensibilityGlobals) = postSolution
		SolutionGuid = {794FDA11-9D23-4330-BC55-DF1C8391D490}
	EndGlobalSection
EndGlobal
