
Microsoft Visual Studio Solution File, Format Version 12.00
# Visual Studio Version 17
VisualStudioVersion = 17.1.32414.318
MinimumVisualStudioVersion = 10.0.40219.1
Project("{FAE04EC0-301F-11D3-BF4B-00C04F79EFBC}") = "FactoryMethod", "FactoryMethod\FactoryMethod.csproj", "{F5E9F3EF-B86C-4AD4-A9F4-4BF66864E1F7}"
EndProject
Global
	GlobalSection(SolutionConfigurationPlatforms) = preSolution
		Debug|Any CPU = Debug|Any CPU
		Release|Any CPU = Release|Any CPU
	EndGlobalSection
	GlobalSection(ProjectConfigurationPlatforms) = postSolution
		{F5E9F3EF-B86C-4AD4-A9F4-4BF66864E1F7}.Debug|Any CPU.ActiveCfg = Debug|Any CPU
		{F5E9F3EF-B86C-4AD4-A9F4-4BF66864E1F7}.Debug|Any CPU.Build.0 = Debug|Any CPU
		{F5E9F3EF-B86C-4AD4-A9F4-4BF66864E1F7}.Release|Any CPU.ActiveCfg = Release|Any CPU
		{F5E9F3EF-B86C-4AD4-A9F4-4BF66864E1F7}.Release|Any CPU.Build.0 = Release|Any CPU
	EndGlobalSection
	GlobalSection(SolutionProperties) = preSolution
		HideSolutionNode = FALSE
	EndGlobalSection
	GlobalSection(ExtensibilityGlobals) = postSolution
		SolutionGuid = {500B6409-3CDC-4124-8082-A5F09DD4D297}
	EndGlobalSection
EndGlobal
