
Microsoft Visual Studio Solution File, Format Version 12.00
# Visual Studio Version 17
VisualStudioVersion = 17.1.32414.318
MinimumVisualStudioVersion = 10.0.40219.1
Project("{FAE04EC0-301F-11D3-BF4B-00C04F79EFBC}") = "Abstract Factory", "Abstract Factory\Abstract Factory.csproj", "{D0989590-5BAE-44C7-B2F4-595CB4D84FAB}"
EndProject
Global
	GlobalSection(SolutionConfigurationPlatforms) = preSolution
		Debug|Any CPU = Debug|Any CPU
		Release|Any CPU = Release|Any CPU
	EndGlobalSection
	GlobalSection(ProjectConfigurationPlatforms) = postSolution
		{D0989590-5BAE-44C7-B2F4-595CB4D84FAB}.Debug|Any CPU.ActiveCfg = Debug|Any CPU
		{D0989590-5BAE-44C7-B2F4-595CB4D84FAB}.Debug|Any CPU.Build.0 = Debug|Any CPU
		{D0989590-5BAE-44C7-B2F4-595CB4D84FAB}.Release|Any CPU.ActiveCfg = Release|Any CPU
		{D0989590-5BAE-44C7-B2F4-595CB4D84FAB}.Release|Any CPU.Build.0 = Release|Any CPU
	EndGlobalSection
	GlobalSection(SolutionProperties) = preSolution
		HideSolutionNode = FALSE
	EndGlobalSection
	GlobalSection(ExtensibilityGlobals) = postSolution
		SolutionGuid = {8D24BC57-E48D-414B-9FD6-24AC92D4898D}
	EndGlobalSection
EndGlobal
